
Microsoft Visual Studio Solution File, Format Version 12.00
# Visual Studio 2013
VisualStudioVersion = 12.0.31101.0
MinimumVisualStudioVersion = 10.0.40219.1
Project("{2150E333-8FDC-42A3-9474-1A3956D46DE8}") = "LiveTilesNotification", "LiveTilesNotification", "{2E0622D0-8678-489A-9719-E59B983B8AC9}"
EndProject
Project("{D954291E-2A0B-460D-934E-DC6B0785DB48}") = "LiveTilesNotification.Shared", "LiveTilesNotification\LiveTilesNotification.Shared\LiveTilesNotification.Shared.shproj", "{527AD3FD-DE26-4DDF-9D7A-6BC294C31BA0}"
EndProject
Project("{FAE04EC0-301F-11D3-BF4B-00C04F79EFBC}") = "LiveTilesNotification.Windows", "LiveTilesNotification\LiveTilesNotification.Windows\LiveTilesNotification.Windows.csproj", "{90DD333F-F80E-4B29-B3A1-D0ED91AD260F}"
EndProject
Project("{FAE04EC0-301F-11D3-BF4B-00C04F79EFBC}") = "LiveTilesNotification.WindowsPhone", "LiveTilesNotification\LiveTilesNotification.WindowsPhone\LiveTilesNotification.WindowsPhone.csproj", "{4A83A604-BF46-48C8-B25E-3AF23BC7EF54}"
EndProject
Global
	GlobalSection(SharedMSBuildProjectFiles) = preSolution
		LiveTilesNotification\LiveTilesNotification.Shared\LiveTilesNotification.Shared.projitems*{90dd333f-f80e-4b29-b3a1-d0ed91ad260f}*SharedItemsImports = 4
		LiveTilesNotification\LiveTilesNotification.Shared\LiveTilesNotification.Shared.projitems*{4a83a604-bf46-48c8-b25e-3af23bc7ef54}*SharedItemsImports = 4
		LiveTilesNotification\LiveTilesNotification.Shared\LiveTilesNotification.Shared.projitems*{527ad3fd-de26-4ddf-9d7a-6bc294c31ba0}*SharedItemsImports = 13
	EndGlobalSection
	GlobalSection(SolutionConfigurationPlatforms) = preSolution
		Debug|Any CPU = Debug|Any CPU
		Debug|ARM = Debug|ARM
		Debug|x64 = Debug|x64
		Debug|x86 = Debug|x86
		Release|Any CPU = Release|Any CPU
		Release|ARM = Release|ARM
		Release|x64 = Release|x64
		Release|x86 = Release|x86
	EndGlobalSection
	GlobalSection(ProjectConfigurationPlatforms) = postSolution
		{90DD333F-F80E-4B29-B3A1-D0ED91AD260F}.Debug|Any CPU.ActiveCfg = Debug|Any CPU
		{90DD333F-F80E-4B29-B3A1-D0ED91AD260F}.Debug|Any CPU.Build.0 = Debug|Any CPU
		{90DD333F-F80E-4B29-B3A1-D0ED91AD260F}.Debug|Any CPU.Deploy.0 = Debug|Any CPU
		{90DD333F-F80E-4B29-B3A1-D0ED91AD260F}.Debug|ARM.ActiveCfg = Debug|ARM
		{90DD333F-F80E-4B29-B3A1-D0ED91AD260F}.Debug|ARM.Build.0 = Debug|ARM
		{90DD333F-F80E-4B29-B3A1-D0ED91AD260F}.Debug|ARM.Deploy.0 = Debug|ARM
		{90DD333F-F80E-4B29-B3A1-D0ED91AD260F}.Debug|x64.ActiveCfg = Debug|x64
		{90DD333F-F80E-4B29-B3A1-D0ED91AD260F}.Debug|x64.Build.0 = Debug|x64
		{90DD333F-F80E-4B29-B3A1-D0ED91AD260F}.Debug|x64.Deploy.0 = Debug|x64
		{90DD333F-F80E-4B29-B3A1-D0ED91AD260F}.Debug|x86.ActiveCfg = Debug|x86
		{90DD333F-F80E-4B29-B3A1-D0ED91AD260F}.Debug|x86.Build.0 = Debug|x86
		{90DD333F-F80E-4B29-B3A1-D0ED91AD260F}.Debug|x86.Deploy.0 = Debug|x86
		{90DD333F-F80E-4B29-B3A1-D0ED91AD260F}.Release|Any CPU.ActiveCfg = Release|Any CPU
		{90DD333F-F80E-4B29-B3A1-D0ED91AD260F}.Release|Any CPU.Build.0 = Release|Any CPU
		{90DD333F-F80E-4B29-B3A1-D0ED91AD260F}.Release|Any CPU.Deploy.0 = Release|Any CPU
		{90DD333F-F80E-4B29-B3A1-D0ED91AD260F}.Release|ARM.ActiveCfg = Release|ARM
		{90DD333F-F80E-4B29-B3A1-D0ED91AD260F}.Release|ARM.Build.0 = Release|ARM
		{90DD333F-F80E-4B29-B3A1-D0ED91AD260F}.Release|ARM.Deploy.0 = Release|ARM
		{90DD333F-F80E-4B29-B3A1-D0ED91AD260F}.Release|x64.ActiveCfg = Release|x64
		{90DD333F-F80E-4B29-B3A1-D0ED91AD260F}.Release|x64.Build.0 = Release|x64
		{90DD333F-F80E-4B29-B3A1-D0ED91AD260F}.Release|x64.Deploy.0 = Release|x64
		{90DD333F-F80E-4B29-B3A1-D0ED91AD260F}.Release|x86.ActiveCfg = Release|x86
		{90DD333F-F80E-4B29-B3A1-D0ED91AD260F}.Release|x86.Build.0 = Release|x86
		{90DD333F-F80E-4B29-B3A1-D0ED91AD260F}.Release|x86.Deploy.0 = Release|x86
		{4A83A604-BF46-48C8-B25E-3AF23BC7EF54}.Debug|Any CPU.ActiveCfg = Debug|Any CPU
		{4A83A604-BF46-48C8-B25E-3AF23BC7EF54}.Debug|Any CPU.Build.0 = Debug|Any CPU
		{4A83A604-BF46-48C8-B25E-3AF23BC7EF54}.Debug|Any CPU.Deploy.0 = Debug|Any CPU
		{4A83A604-BF46-48C8-B25E-3AF23BC7EF54}.Debug|ARM.ActiveCfg = Debug|ARM
		{4A83A604-BF46-48C8-B25E-3AF23BC7EF54}.Debug|ARM.Build.0 = Debug|ARM
		{4A83A604-BF46-48C8-B25E-3AF23BC7EF54}.Debug|ARM.Deploy.0 = Debug|ARM
		{4A83A604-BF46-48C8-B25E-3AF23BC7EF54}.Debug|x64.ActiveCfg = Debug|Any CPU
		{4A83A604-BF46-48C8-B25E-3AF23BC7EF54}.Debug|x86.ActiveCfg = Debug|x86
		{4A83A604-BF46-48C8-B25E-3AF23BC7EF54}.Debug|x86.Build.0 = Debug|x86
		{4A83A604-BF46-48C8-B25E-3AF23BC7EF54}.Debug|x86.Deploy.0 = Debug|x86
		{4A83A604-BF46-48C8-B25E-3AF23BC7EF54}.Release|Any CPU.ActiveCfg = Release|Any CPU
		{4A83A604-BF46-48C8-B25E-3AF23BC7EF54}.Release|Any CPU.Build.0 = Release|Any CPU
		{4A83A604-BF46-48C8-B25E-3AF23BC7EF54}.Release|Any CPU.Deploy.0 = Release|Any CPU
		{4A83A604-BF46-48C8-B25E-3AF23BC7EF54}.Release|ARM.ActiveCfg = Release|ARM
		{4A83A604-BF46-48C8-B25E-3AF23BC7EF54}.Release|ARM.Build.0 = Release|ARM
		{4A83A604-BF46-48C8-B25E-3AF23BC7EF54}.Release|ARM.Deploy.0 = Release|ARM
		{4A83A604-BF46-48C8-B25E-3AF23BC7EF54}.Release|x64.ActiveCfg = Release|Any CPU
		{4A83A604-BF46-48C8-B25E-3AF23BC7EF54}.Release|x86.ActiveCfg = Release|x86
		{4A83A604-BF46-48C8-B25E-3AF23BC7EF54}.Release|x86.Build.0 = Release|x86
		{4A83A604-BF46-48C8-B25E-3AF23BC7EF54}.Release|x86.Deploy.0 = Release|x86
	EndGlobalSection
	GlobalSection(SolutionProperties) = preSolution
		HideSolutionNode = FALSE
	EndGlobalSection
	GlobalSection(NestedProjects) = preSolution
		{527AD3FD-DE26-4DDF-9D7A-6BC294C31BA0} = {2E0622D0-8678-489A-9719-E59B983B8AC9}
		{90DD333F-F80E-4B29-B3A1-D0ED91AD260F} = {2E0622D0-8678-489A-9719-E59B983B8AC9}
		{4A83A604-BF46-48C8-B25E-3AF23BC7EF54} = {2E0622D0-8678-489A-9719-E59B983B8AC9}
	EndGlobalSection
EndGlobal
